
Microsoft Visual Studio Solution File, Format Version 11.00
# Visual Studio 2010
Project("{FAE04EC0-301F-11D3-BF4B-00C04F79EFBC}") = "Assembly-CSharp", "Assembly-CSharp.csproj", "{3D0071FE-9BDC-4EA1-1FDE-D76907ECEFB8}"
EndProject
Project("{FAE04EC0-301F-11D3-BF4B-00C04F79EFBC}") = "Assembly-CSharp-Editor", "Assembly-CSharp-Editor.csproj", "{387E261C-B405-138D-71E6-981D3A3F17D9}"
EndProject
Global
	GlobalSection(SolutionConfigurationPlatforms) = preSolution
		Debug|Any CPU = Debug|Any CPU
		Release|Any CPU = Release|Any CPU
	EndGlobalSection
	GlobalSection(ProjectConfigurationPlatforms) = postSolution
		{3D0071FE-9BDC-4EA1-1FDE-D76907ECEFB8}.Debug|Any CPU.ActiveCfg = Debug|Any CPU
		{3D0071FE-9BDC-4EA1-1FDE-D76907ECEFB8}.Debug|Any CPU.Build.0 = Debug|Any CPU
		{3D0071FE-9BDC-4EA1-1FDE-D76907ECEFB8}.Release|Any CPU.ActiveCfg = Release|Any CPU
		{3D0071FE-9BDC-4EA1-1FDE-D76907ECEFB8}.Release|Any CPU.Build.0 = Release|Any CPU
		{387E261C-B405-138D-71E6-981D3A3F17D9}.Debug|Any CPU.ActiveCfg = Debug|Any CPU
		{387E261C-B405-138D-71E6-981D3A3F17D9}.Debug|Any CPU.Build.0 = Debug|Any CPU
		{387E261C-B405-138D-71E6-981D3A3F17D9}.Release|Any CPU.ActiveCfg = Release|Any CPU
		{387E261C-B405-138D-71E6-981D3A3F17D9}.Release|Any CPU.Build.0 = Release|Any CPU
	EndGlobalSection
	GlobalSection(SolutionProperties) = preSolution
		HideSolutionNode = FALSE
	EndGlobalSection
	GlobalSection(MonoDevelopProperties) = preSolution
		StartupItem = Assembly-CSharp.csproj
	EndGlobalSection
EndGlobal
